<?xml version="1.0" encoding="UTF-8" standalone="yes" ?>
<CodeBlocks_project_file>
	<FileVersion major="1" minor="6" />
	<Project>
		<Option title="JetsonVisionServer" />
		<Option pch_mode="2" />
		<Option compiler="gcc" />
		<Build>
			<Target title="Debug">
				<Option output="bin/Debug/JetsonVisionServer" prefix_auto="1" extension_auto="1" />
				<Option object_output="obj/Debug/" />
				<Option type="1" />
				<Option compiler="gcc" />
				<Compiler>
					<Add option="-g" />
					<Add directory="include" />
				</Compiler>
				<Linker>
					<Add library="/usr/local/lib/libopencv_video.so.3.0.0" />
					<Add library="/usr/local/lib/libopencv_core.so.3.0.0" />
					<Add library="/usr/local/lib/libopencv_objdetect.so.3.0.0" />
					<Add library="/usr/local/lib/libopencv_videostab.so.3.0.0" />
					<Add library="/usr/local/lib/libopencv_highgui.so.3.0.0" />
					<Add library="/usr/local/lib/libopencv_imgproc.so.3.0.0" />
					<Add library="/usr/local/lib/libopencv_imgcodecs.so.3.0.0" />
					<Add library="/usr/local/lib/libopencv_videoio.so.3.0.0" />
					<Add library="/usr/local/lib/libopencv_core.so.3.0" />
				</Linker>
			</Target>
			<Target title="Release">
				<Option output="bin/Release/JetsonVisionServer" prefix_auto="1" extension_auto="1" />
				<Option object_output="obj/Release/" />
				<Option type="1" />
				<Option compiler="gcc" />
				<Compiler>
					<Add option="-O2" />
					<Add directory="include" />
				</Compiler>
				<Linker>
					<Add option="-s" />
					<Add library="/usr/local/lib/libopencv_video.so.3.0.0" />
					<Add library="/usr/local/lib/libopencv_core.so.3.0.0" />
					<Add library="/usr/local/lib/libopencv_objdetect.so.3.0.0" />
					<Add library="/usr/local/lib/libopencv_videostab.so.3.0.0" />
					<Add library="/usr/local/lib/libopencv_highgui.so.3.0.0" />
					<Add library="/usr/local/lib/libopencv_imgproc.so.3.0.0" />
					<Add library="/usr/local/lib/libopencv_imgcodecs.so.3.0.0" />
					<Add library="/usr/local/lib/libopencv_videoio.so.3.0.0" />
					<Add library="/usr/local/lib/libopencv_cuda.so" />
				</Linker>
			</Target>
		</Build>
		<Compiler>
			<Add option="-Wall" />
		</Compiler>
		<Unit filename="include/CrossHairClass.h" />
		<Unit filename="include/ServerClass.h" />
		<Unit filename="include/VisionServerClass.h" />
		<Unit filename="include/VisionTracker.h" />
		<Unit filename="src/CrossHairClass.cpp" />
		<Unit filename="src/ServerClass.cpp" />
		<Unit filename="src/VisionServerClass.cpp" />
		<Unit filename="src/VisionTracker.cpp" />
		<Unit filename="src/main.cpp" />
		<Extensions>
			<code_completion />
			<debugger />
		</Extensions>
	</Project>
</CodeBlocks_project_file>
